
Microsoft Visual Studio Solution File, Format Version 12.00
Project("{FAE04EC0-301F-11D3-BF4B-00C04F79EFBC}") = "Transport-CHARLIER_Yann", "Transport-CHARLIER_Yann\Transport-CHARLIER_Yann.csproj", "{2076F4B5-7F6F-4FCC-BC83-B1CF32E12F22}"
EndProject
Global
	GlobalSection(SolutionConfigurationPlatforms) = preSolution
		Debug|Any CPU = Debug|Any CPU
		Release|Any CPU = Release|Any CPU
	EndGlobalSection
	GlobalSection(ProjectConfigurationPlatforms) = postSolution
		{2076F4B5-7F6F-4FCC-BC83-B1CF32E12F22}.Debug|Any CPU.ActiveCfg = Debug|Any CPU
		{2076F4B5-7F6F-4FCC-BC83-B1CF32E12F22}.Debug|Any CPU.Build.0 = Debug|Any CPU
		{2076F4B5-7F6F-4FCC-BC83-B1CF32E12F22}.Release|Any CPU.ActiveCfg = Release|Any CPU
		{2076F4B5-7F6F-4FCC-BC83-B1CF32E12F22}.Release|Any CPU.Build.0 = Release|Any CPU
	EndGlobalSection
EndGlobal
