
Microsoft Visual Studio Solution File, Format Version 12.00
# Visual Studio Version 16
VisualStudioVersion = 16.0.32002.261
MinimumVisualStudioVersion = 10.0.40219.1
Project("{FAE04EC0-301F-11D3-BF4B-00C04F79EFBC}") = "restaurantCS1", "restaurantCS1\restaurantCS1.csproj", "{9AE8A278-C9C3-4CDD-A513-0A89C2CD45FD}"
EndProject
Global
	GlobalSection(SolutionConfigurationPlatforms) = preSolution
		Debug|Any CPU = Debug|Any CPU
		Release|Any CPU = Release|Any CPU
	EndGlobalSection
	GlobalSection(ProjectConfigurationPlatforms) = postSolution
		{9AE8A278-C9C3-4CDD-A513-0A89C2CD45FD}.Debug|Any CPU.ActiveCfg = Debug|Any CPU
		{9AE8A278-C9C3-4CDD-A513-0A89C2CD45FD}.Debug|Any CPU.Build.0 = Debug|Any CPU
		{9AE8A278-C9C3-4CDD-A513-0A89C2CD45FD}.Release|Any CPU.ActiveCfg = Release|Any CPU
		{9AE8A278-C9C3-4CDD-A513-0A89C2CD45FD}.Release|Any CPU.Build.0 = Release|Any CPU
	EndGlobalSection
	GlobalSection(SolutionProperties) = preSolution
		HideSolutionNode = FALSE
	EndGlobalSection
	GlobalSection(ExtensibilityGlobals) = postSolution
		SolutionGuid = {8DAC9322-7A8D-49F7-B94D-A431295C29F3}
	EndGlobalSection
EndGlobal
