
Microsoft Visual Studio Solution File, Format Version 12.00
# Visual Studio Version 16
VisualStudioVersion = 16.0.31729.503
MinimumVisualStudioVersion = 10.0.40219.1
Project("{FAE04EC0-301F-11D3-BF4B-00C04F79EFBC}") = "convendeur", "convendeur\convendeur.csproj", "{4AD1ED64-114A-4436-A274-6B4826C4860F}"
EndProject
Global
	GlobalSection(SolutionConfigurationPlatforms) = preSolution
		Debug|Any CPU = Debug|Any CPU
		Release|Any CPU = Release|Any CPU
	EndGlobalSection
	GlobalSection(ProjectConfigurationPlatforms) = postSolution
		{4AD1ED64-114A-4436-A274-6B4826C4860F}.Debug|Any CPU.ActiveCfg = Debug|Any CPU
		{4AD1ED64-114A-4436-A274-6B4826C4860F}.Debug|Any CPU.Build.0 = Debug|Any CPU
		{4AD1ED64-114A-4436-A274-6B4826C4860F}.Release|Any CPU.ActiveCfg = Release|Any CPU
		{4AD1ED64-114A-4436-A274-6B4826C4860F}.Release|Any CPU.Build.0 = Release|Any CPU
	EndGlobalSection
	GlobalSection(SolutionProperties) = preSolution
		HideSolutionNode = FALSE
	EndGlobalSection
	GlobalSection(ExtensibilityGlobals) = postSolution
		SolutionGuid = {58DAC644-D9D8-4EBC-8D58-4F84BE4B32F4}
	EndGlobalSection
EndGlobal
