
Microsoft Visual Studio Solution File, Format Version 12.00
Project("{FAE04EC0-301F-11D3-BF4B-00C04F79EFBC}") = "Trajet", "Trajet\Trajet.csproj", "{DC1BB35D-2C88-4B73-AEE6-E57A65302396}"
EndProject
Global
	GlobalSection(SolutionConfigurationPlatforms) = preSolution
		Debug|Any CPU = Debug|Any CPU
		Release|Any CPU = Release|Any CPU
	EndGlobalSection
	GlobalSection(ProjectConfigurationPlatforms) = postSolution
		{DC1BB35D-2C88-4B73-AEE6-E57A65302396}.Debug|Any CPU.ActiveCfg = Debug|Any CPU
		{DC1BB35D-2C88-4B73-AEE6-E57A65302396}.Debug|Any CPU.Build.0 = Debug|Any CPU
		{DC1BB35D-2C88-4B73-AEE6-E57A65302396}.Release|Any CPU.ActiveCfg = Release|Any CPU
		{DC1BB35D-2C88-4B73-AEE6-E57A65302396}.Release|Any CPU.Build.0 = Release|Any CPU
	EndGlobalSection
EndGlobal
