
Microsoft Visual Studio Solution File, Format Version 12.00
# Visual Studio Version 16
VisualStudioVersion = 16.0.32002.261
MinimumVisualStudioVersion = 10.0.40219.1
Project("{FAE04EC0-301F-11D3-BF4B-00C04F79EFBC}") = "restaurantCS2", "restaurantCS2\restaurantCS2.csproj", "{BAFA8385-F0E5-451E-A75A-CB48E7BC2E7D}"
EndProject
Global
	GlobalSection(SolutionConfigurationPlatforms) = preSolution
		Debug|Any CPU = Debug|Any CPU
		Release|Any CPU = Release|Any CPU
	EndGlobalSection
	GlobalSection(ProjectConfigurationPlatforms) = postSolution
		{BAFA8385-F0E5-451E-A75A-CB48E7BC2E7D}.Debug|Any CPU.ActiveCfg = Debug|Any CPU
		{BAFA8385-F0E5-451E-A75A-CB48E7BC2E7D}.Debug|Any CPU.Build.0 = Debug|Any CPU
		{BAFA8385-F0E5-451E-A75A-CB48E7BC2E7D}.Release|Any CPU.ActiveCfg = Release|Any CPU
		{BAFA8385-F0E5-451E-A75A-CB48E7BC2E7D}.Release|Any CPU.Build.0 = Release|Any CPU
	EndGlobalSection
	GlobalSection(SolutionProperties) = preSolution
		HideSolutionNode = FALSE
	EndGlobalSection
	GlobalSection(ExtensibilityGlobals) = postSolution
		SolutionGuid = {116C5F2F-3F03-4B06-9B4F-90D2574444E9}
	EndGlobalSection
EndGlobal
